# This file is automatically @generated by Poetry 1.7.0 and should not be changed by hand.

[[package]]
name = "astroid"
version = "3.0.1"
description = "An abstract syntax tree for Python with inference support."
optional = false
python-versions = ">=3.8.0"
files = [
    {file = "astroid-3.0.1-py3-none-any.whl", hash = "sha256:7d5895c9825e18079c5aeac0572bc2e4c83205c95d416e0b4fee8bc361d2d9ca"},
    {file = "astroid-3.0.1.tar.gz", hash = "sha256:86b0bb7d7da0be1a7c4aedb7974e391b32d4ed89e33de6ed6902b4b15c97577e"},
]

[[package]]
name = "colorama"
version = "0.4.6"
description = "Cross-platform colored terminal text."
optional = false
python-versions = "!=3.0.*,!=3.1.*,!=3.2.*,!=3.3.*,!=3.4.*,!=3.5.*,!=3.6.*,>=2.7"
files = [
    {file = "colorama-0.4.6-py2.py3-none-any.whl", hash = "sha256:4f1d9991f5acc0ca119f9d443620b77f9d6b33703e51011c16baf57afb285fc6"},
    {file = "colorama-0.4.6.tar.gz", hash = "sha256:08695f5cb7ed6e0531a20572697297273c47b8cae5a63ffc6d6ed5c201be6e44"},
]

[[package]]
name = "dill"
version = "0.3.7"
description = "serialize all of Python"
optional = false
python-versions = ">=3.7"
files = [
    {file = "dill-0.3.7-py3-none-any.whl", hash = "sha256:76b122c08ef4ce2eedcd4d1abd8e641114bfc6c2867f49f3c41facf65bf19f5e"},
    {file = "dill-0.3.7.tar.gz", hash = "sha256:cc1c8b182eb3013e24bd475ff2e9295af86c1a38eb1aff128dac8962a9ce3c03"},
]

[package.extras]
graph = ["objgraph (>=1.7.2)"]

[[package]]
name = "importlib-metadata"
version = "6.8.0"
description = "Read metadata from Python packages"
optional = false
python-versions = ">=3.8"
files = [
    {file = "importlib_metadata-6.8.0-py3-none-any.whl", hash = "sha256:3ebb78df84a805d7698245025b975d9d67053cd94c79245ba4b3eb694abe68bb"},
    {file = "importlib_metadata-6.8.0.tar.gz", hash = "sha256:dbace7892d8c0c4ac1ad096662232f831d4e64f4c4545bd53016a3e9d4654743"},
]

[package.dependencies]
zipp = ">=0.5"

[package.extras]
docs = ["furo", "jaraco.packaging (>=9)", "jaraco.tidelift (>=1.4)", "rst.linker (>=1.9)", "sphinx (>=3.5)", "sphinx-lint"]
perf = ["ipython"]
testing = ["flufl.flake8", "importlib-resources (>=1.3)", "packaging", "pyfakefs", "pytest (>=6)", "pytest-black (>=0.3.7)", "pytest-checkdocs (>=2.4)", "pytest-cov", "pytest-enabler (>=2.2)", "pytest-mypy (>=0.9.1)", "pytest-perf (>=0.9.2)", "pytest-ruff"]

[[package]]
name = "isort"
version = "5.12.0"
description = "A Python utility / library to sort Python imports."
optional = false
python-versions = ">=3.8.0"
files = [
    {file = "isort-5.12.0-py3-none-any.whl", hash = "sha256:f84c2818376e66cf843d497486ea8fed8700b340f308f076c6fb1229dff318b6"},
    {file = "isort-5.12.0.tar.gz", hash = "sha256:8bef7dde241278824a6d83f44a544709b065191b95b6e50894bdc722fcba0504"},
]

[package.extras]
colors = ["colorama (>=0.4.3)"]
pipfile-deprecated-finder = ["pip-shims (>=0.5.2)", "pipreqs", "requirementslib"]
plugins = ["setuptools"]
requirements-deprecated-finder = ["pip-api", "pipreqs"]

[[package]]
name = "mccabe"
version = "0.7.0"
description = "McCabe checker, plugin for flake8"
optional = false
python-versions = ">=3.6"
files = [
    {file = "mccabe-0.7.0-py2.py3-none-any.whl", hash = "sha256:6c2d30ab6be0e4a46919781807b4f0d834ebdd6c6e3dca0bda5a15f863427b6e"},
    {file = "mccabe-0.7.0.tar.gz", hash = "sha256:348e0240c33b60bbdf4e523192ef919f28cb2c3d7d5c7794f74009290f236325"},
]

[[package]]
name = "numpy"
version = "1.26.1"
description = "Fundamental package for array computing in Python"
optional = false
python-versions = "<3.13,>=3.9"
files = [
    {file = "numpy-1.26.1-cp310-cp310-macosx_10_9_x86_64.whl", hash = "sha256:82e871307a6331b5f09efda3c22e03c095d957f04bf6bc1804f30048d0e5e7af"},
    {file = "numpy-1.26.1-cp310-cp310-macosx_11_0_arm64.whl", hash = "sha256:cdd9ec98f0063d93baeb01aad472a1a0840dee302842a2746a7a8e92968f9575"},
    {file = "numpy-1.26.1-cp310-cp310-manylinux_2_17_aarch64.manylinux2014_aarch64.whl", hash = "sha256:d78f269e0c4fd365fc2992c00353e4530d274ba68f15e968d8bc3c69ce5f5244"},
    {file = "numpy-1.26.1-cp310-cp310-manylinux_2_17_x86_64.manylinux2014_x86_64.whl", hash = "sha256:8ab9163ca8aeb7fd32fe93866490654d2f7dda4e61bc6297bf72ce07fdc02f67"},
    {file = "numpy-1.26.1-cp310-cp310-musllinux_1_1_x86_64.whl", hash = "sha256:78ca54b2f9daffa5f323f34cdf21e1d9779a54073f0018a3094ab907938331a2"},
    {file = "numpy-1.26.1-cp310-cp310-win32.whl", hash = "sha256:d1cfc92db6af1fd37a7bb58e55c8383b4aa1ba23d012bdbba26b4bcca45ac297"},
    {file = "numpy-1.26.1-cp310-cp310-win_amd64.whl", hash = "sha256:d2984cb6caaf05294b8466966627e80bf6c7afd273279077679cb010acb0e5ab"},
    {file = "numpy-1.26.1-cp311-cp311-macosx_10_9_x86_64.whl", hash = "sha256:cd7837b2b734ca72959a1caf3309457a318c934abef7a43a14bb984e574bbb9a"},
    {file = "numpy-1.26.1-cp311-cp311-macosx_11_0_arm64.whl", hash = "sha256:1c59c046c31a43310ad0199d6299e59f57a289e22f0f36951ced1c9eac3665b9"},
    {file = "numpy-1.26.1-cp311-cp311-manylinux_2_17_aarch64.manylinux2014_aarch64.whl", hash = "sha256:d58e8c51a7cf43090d124d5073bc29ab2755822181fcad978b12e144e5e5a4b3"},
    {file = "numpy-1.26.1-cp311-cp311-manylinux_2_17_x86_64.manylinux2014_x86_64.whl", hash = "sha256:6081aed64714a18c72b168a9276095ef9155dd7888b9e74b5987808f0dd0a974"},
    {file = "numpy-1.26.1-cp311-cp311-musllinux_1_1_x86_64.whl", hash = "sha256:97e5d6a9f0702c2863aaabf19f0d1b6c2628fbe476438ce0b5ce06e83085064c"},
    {file = "numpy-1.26.1-cp311-cp311-win32.whl", hash = "sha256:b9d45d1dbb9de84894cc50efece5b09939752a2d75aab3a8b0cef6f3a35ecd6b"},
    {file = "numpy-1.26.1-cp311-cp311-win_amd64.whl", hash = "sha256:3649d566e2fc067597125428db15d60eb42a4e0897fc48d28cb75dc2e0454e53"},
    {file = "numpy-1.26.1-cp312-cp312-macosx_10_9_x86_64.whl", hash = "sha256:1d1bd82d539607951cac963388534da3b7ea0e18b149a53cf883d8f699178c0f"},
    {file = "numpy-1.26.1-cp312-cp312-macosx_11_0_arm64.whl", hash = "sha256:afd5ced4e5a96dac6725daeb5242a35494243f2239244fad10a90ce58b071d24"},
    {file = "numpy-1.26.1-cp312-cp312-manylinux_2_17_aarch64.manylinux2014_aarch64.whl", hash = "sha256:a03fb25610ef560a6201ff06df4f8105292ba56e7cdd196ea350d123fc32e24e"},
    {file = "numpy-1.26.1-cp312-cp312-manylinux_2_17_x86_64.manylinux2014_x86_64.whl", hash = "sha256:dcfaf015b79d1f9f9c9fd0731a907407dc3e45769262d657d754c3a028586124"},
    {file = "numpy-1.26.1-cp312-cp312-musllinux_1_1_x86_64.whl", hash = "sha256:e509cbc488c735b43b5ffea175235cec24bbc57b227ef1acc691725beb230d1c"},
    {file = "numpy-1.26.1-cp312-cp312-win32.whl", hash = "sha256:af22f3d8e228d84d1c0c44c1fbdeb80f97a15a0abe4f080960393a00db733b66"},
    {file = "numpy-1.26.1-cp312-cp312-win_amd64.whl", hash = "sha256:9f42284ebf91bdf32fafac29d29d4c07e5e9d1af862ea73686581773ef9e73a7"},
    {file = "numpy-1.26.1-cp39-cp39-macosx_10_9_x86_64.whl", hash = "sha256:bb894accfd16b867d8643fc2ba6c8617c78ba2828051e9a69511644ce86ce83e"},
    {file = "numpy-1.26.1-cp39-cp39-macosx_11_0_arm64.whl", hash = "sha256:e44ccb93f30c75dfc0c3aa3ce38f33486a75ec9abadabd4e59f114994a9c4617"},
    {file = "numpy-1.26.1-cp39-cp39-manylinux_2_17_aarch64.manylinux2014_aarch64.whl", hash = "sha256:9696aa2e35cc41e398a6d42d147cf326f8f9d81befcb399bc1ed7ffea339b64e"},
    {file = "numpy-1.26.1-cp39-cp39-manylinux_2_17_x86_64.manylinux2014_x86_64.whl", hash = "sha256:a5b411040beead47a228bde3b2241100454a6abde9df139ed087bd73fc0a4908"},
    {file = "numpy-1.26.1-cp39-cp39-musllinux_1_1_x86_64.whl", hash = "sha256:1e11668d6f756ca5ef534b5be8653d16c5352cbb210a5c2a79ff288e937010d5"},
    {file = "numpy-1.26.1-cp39-cp39-win32.whl", hash = "sha256:d1d2c6b7dd618c41e202c59c1413ef9b2c8e8a15f5039e344af64195459e3104"},
    {file = "numpy-1.26.1-cp39-cp39-win_amd64.whl", hash = "sha256:59227c981d43425ca5e5c01094d59eb14e8772ce6975d4b2fc1e106a833d5ae2"},
    {file = "numpy-1.26.1-pp39-pypy39_pp73-macosx_10_9_x86_64.whl", hash = "sha256:06934e1a22c54636a059215d6da99e23286424f316fddd979f5071093b648668"},
    {file = "numpy-1.26.1-pp39-pypy39_pp73-manylinux_2_17_x86_64.manylinux2014_x86_64.whl", hash = "sha256:76ff661a867d9272cd2a99eed002470f46dbe0943a5ffd140f49be84f68ffc42"},
    {file = "numpy-1.26.1-pp39-pypy39_pp73-win_amd64.whl", hash = "sha256:6965888d65d2848e8768824ca8288db0a81263c1efccec881cb35a0d805fcd2f"},
    {file = "numpy-1.26.1.tar.gz", hash = "sha256:c8c6c72d4a9f831f328efb1312642a1cafafaa88981d9ab76368d50d07d93cbe"},
]

[[package]]
name = "platformdirs"
version = "3.11.0"
description = "A small Python package for determining appropriate platform-specific dirs, e.g. a \"user data dir\"."
optional = false
python-versions = ">=3.7"
files = [
    {file = "platformdirs-3.11.0-py3-none-any.whl", hash = "sha256:e9d171d00af68be50e9202731309c4e658fd8bc76f55c11c7dd760d023bda68e"},
    {file = "platformdirs-3.11.0.tar.gz", hash = "sha256:cf8ee52a3afdb965072dcc652433e0c7e3e40cf5ea1477cd4b3b1d2eb75495b3"},
]

[package.extras]
docs = ["furo (>=2023.7.26)", "proselint (>=0.13)", "sphinx (>=7.1.1)", "sphinx-autodoc-typehints (>=1.24)"]
test = ["appdirs (==1.4.4)", "covdefaults (>=2.3)", "pytest (>=7.4)", "pytest-cov (>=4.1)", "pytest-mock (>=3.11.1)"]

[[package]]
name = "pylint"
version = "3.0.2"
description = "python code static checker"
optional = false
python-versions = ">=3.8.0"
files = [
    {file = "pylint-3.0.2-py3-none-any.whl", hash = "sha256:60ed5f3a9ff8b61839ff0348b3624ceeb9e6c2a92c514d81c9cc273da3b6bcda"},
    {file = "pylint-3.0.2.tar.gz", hash = "sha256:0d4c286ef6d2f66c8bfb527a7f8a629009e42c99707dec821a03e1b51a4c1496"},
]

[package.dependencies]
astroid = ">=3.0.1,<=3.1.0-dev0"
colorama = {version = ">=0.4.5", markers = "sys_platform == \"win32\""}
dill = [
    {version = ">=0.3.7", markers = "python_version >= \"3.12\""},
    {version = ">=0.3.6", markers = "python_version >= \"3.11\" and python_version < \"3.12\""},
]
isort = ">=4.2.5,<6"
mccabe = ">=0.6,<0.8"
platformdirs = ">=2.2.0"
tomlkit = ">=0.10.1"

[package.extras]
spelling = ["pyenchant (>=3.2,<4.0)"]
testutils = ["gitpython (>3)"]

[[package]]
name = "tomli"
version = "2.0.1"
description = "A lil' TOML parser"
optional = false
python-versions = ">=3.7"
files = [
    {file = "tomli-2.0.1-py3-none-any.whl", hash = "sha256:939de3e7a6161af0c887ef91b7d41a53e7c5a1ca976325f429cb46ea9bc30ecc"},
    {file = "tomli-2.0.1.tar.gz", hash = "sha256:de526c12914f0c550d15924c62d72abc48d6fe7364aa87328337a31007fe8a4f"},
]

[[package]]
name = "tomlkit"
version = "0.12.2"
description = "Style preserving TOML library"
optional = false
python-versions = ">=3.7"
files = [
    {file = "tomlkit-0.12.2-py3-none-any.whl", hash = "sha256:eeea7ac7563faeab0a1ed8fe12c2e5a51c61f933f2502f7e9db0241a65163ad0"},
    {file = "tomlkit-0.12.2.tar.gz", hash = "sha256:df32fab589a81f0d7dc525a4267b6d7a64ee99619cbd1eeb0fae32c1dd426977"},
]

[[package]]
name = "yapf"
version = "0.40.2"
description = "A formatter for Python code"
optional = false
python-versions = ">=3.7"
files = [
    {file = "yapf-0.40.2-py3-none-any.whl", hash = "sha256:adc8b5dd02c0143108878c499284205adb258aad6db6634e5b869e7ee2bd548b"},
    {file = "yapf-0.40.2.tar.gz", hash = "sha256:4dab8a5ed7134e26d57c1647c7483afb3f136878b579062b786c9ba16b94637b"},
]

[package.dependencies]
importlib-metadata = ">=6.6.0"
platformdirs = ">=3.5.1"
tomli = ">=2.0.1"

[[package]]
name = "zipp"
version = "3.17.0"
description = "Backport of pathlib-compatible object wrapper for zip files"
optional = false
python-versions = ">=3.8"
files = [
    {file = "zipp-3.17.0-py3-none-any.whl", hash = "sha256:0e923e726174922dce09c53c59ad483ff7bbb8e572e00c7f7c46b88556409f31"},
    {file = "zipp-3.17.0.tar.gz", hash = "sha256:84e64a1c28cf7e91ed2078bb8cc8c259cb19b76942096c8d7b84947690cabaf0"},
]

[package.extras]
docs = ["furo", "jaraco.packaging (>=9.3)", "jaraco.tidelift (>=1.4)", "rst.linker (>=1.9)", "sphinx (<7.2.5)", "sphinx (>=3.5)", "sphinx-lint"]
testing = ["big-O", "jaraco.functools", "jaraco.itertools", "more-itertools", "pytest (>=6)", "pytest-black (>=0.3.7)", "pytest-checkdocs (>=2.4)", "pytest-cov", "pytest-enabler (>=2.2)", "pytest-ignore-flaky", "pytest-mypy (>=0.9.1)", "pytest-ruff"]

[metadata]
lock-version = "2.0"
python-versions = ">=3.11,<3.13"
content-hash = "a87670bc28ca56a0aae383575fa665704d2c7bec0e98ad54d98847179d9c6fba"
